github.com/gohugoio/hugo-mod-bootstrap-scss-v4 v0.0.0-20200902213320-c9cb5e39d8c6/go.mod h1:dAcE2kCmCarbiwNTV4xxlDFShQHiok9kDjw1VoN2J8g=
github.com/thednp/bootstrap.native v0.0.0-20210208065639-9692a29f3498/go.mod h1:apvEEkedEAYkAOjFu4DSnvP3QeFy+8tq7mjzzEfhQCA=
github.com/twbs/bootstrap v4.5.2+incompatible/go.mod h1:fZTSrkpSf0/HkL0IIJzvVspTt1r9zuf7XlZau8kpcY0=
invent.kde.org/websites/aether-sass v0.0.0-20210419094803-abd3f54275fc h1:RtUGsK/T186+ZV9+ClEHVCuyZad1qokwhQHPUMdzF0A=
invent.kde.org/websites/aether-sass v0.0.0-20210419094803-abd3f54275fc/go.mod h1:4DvMg7qs7DpW4EguZ6NquxA/sADT6M7LlAYZ1PjB9hw=
