github.com/thednp/bootstrap.native v0.0.0-20220121213928-48c5590165ff h1:Qd6AApJOsNnUsvaDPhw3Cd3zYjIBTsObRbODf3KcTgg=
github.com/thednp/bootstrap.native v0.0.0-20220121213928-48c5590165ff/go.mod h1:apvEEkedEAYkAOjFu4DSnvP3QeFy+8tq7mjzzEfhQCA=
github.com/twbs/bootstrap v5.3.0-alpha1+incompatible/go.mod h1:fZTSrkpSf0/HkL0IIJzvVspTt1r9zuf7XlZau8kpcY0=
invent.kde.org/websites/hugo-bootstrap v0.0.0-20230310220713-2c58a2e72e20/go.mod h1:ShMW6etO0smOfDUNu1CyVW2WPwGVNZPzmzpzC40w674=
invent.kde.org/websites/hugo-kde v0.0.0-20230615122231-256a19d6c669 h1:qXXZWO6FKtUky6OrpkRQI9tHkYHtd0C9goCx8Mz77No=
invent.kde.org/websites/hugo-kde v0.0.0-20230615122231-256a19d6c669/go.mod h1:syhJ8MUde9yMFYRqD01yOwj/WaUpLYXFwIAZP4IsiCM=
